
Microsoft Visual Studio Solution File, Format Version 12.00
# Visual Studio Version 17
VisualStudioVersion = 17.12.35514.174 d17.12
MinimumVisualStudioVersion = 10.0.40219.1
Project("{8BC9CEB8-8B4A-11D0-8D11-00A0C91BC942}") = "RemoteRO", "RemoteRO\RemoteRO.vcxproj", "{308D13B8-F0C4-4283-B2C8-8B43FC2BE24F}"
EndProject
Project("{8BC9CEB8-8B4A-11D0-8D11-00A0C91BC942}") = "ReciveRO", "ReciveRO\ReciveRO.vcxproj", "{DD7CDBC5-E366-4862-94FB-193EA44D7807}"
EndProject
Global
	GlobalSection(SolutionConfigurationPlatforms) = preSolution
		Debug|ARM = Debug|ARM
		Debug|ARM64 = Debug|ARM64
		Debug|x64 = Debug|x64
		Debug|x86 = Debug|x86
		Release|ARM = Release|ARM
		Release|ARM64 = Release|ARM64
		Release|x64 = Release|x64
		Release|x86 = Release|x86
	EndGlobalSection
	GlobalSection(ProjectConfigurationPlatforms) = postSolution
		{308D13B8-F0C4-4283-B2C8-8B43FC2BE24F}.Debug|ARM.ActiveCfg = Debug|ARM
		{308D13B8-F0C4-4283-B2C8-8B43FC2BE24F}.Debug|ARM.Build.0 = Debug|ARM
		{308D13B8-F0C4-4283-B2C8-8B43FC2BE24F}.Debug|ARM.Deploy.0 = Debug|ARM
		{308D13B8-F0C4-4283-B2C8-8B43FC2BE24F}.Debug|ARM64.ActiveCfg = Debug|ARM64
		{308D13B8-F0C4-4283-B2C8-8B43FC2BE24F}.Debug|ARM64.Build.0 = Debug|ARM64
		{308D13B8-F0C4-4283-B2C8-8B43FC2BE24F}.Debug|ARM64.Deploy.0 = Debug|ARM64
		{308D13B8-F0C4-4283-B2C8-8B43FC2BE24F}.Debug|x64.ActiveCfg = Debug|x64
		{308D13B8-F0C4-4283-B2C8-8B43FC2BE24F}.Debug|x64.Build.0 = Debug|x64
		{308D13B8-F0C4-4283-B2C8-8B43FC2BE24F}.Debug|x64.Deploy.0 = Debug|x64
		{308D13B8-F0C4-4283-B2C8-8B43FC2BE24F}.Debug|x86.ActiveCfg = Debug|x86
		{308D13B8-F0C4-4283-B2C8-8B43FC2BE24F}.Debug|x86.Build.0 = Debug|x86
		{308D13B8-F0C4-4283-B2C8-8B43FC2BE24F}.Debug|x86.Deploy.0 = Debug|x86
		{308D13B8-F0C4-4283-B2C8-8B43FC2BE24F}.Release|ARM.ActiveCfg = Release|ARM
		{308D13B8-F0C4-4283-B2C8-8B43FC2BE24F}.Release|ARM.Build.0 = Release|ARM
		{308D13B8-F0C4-4283-B2C8-8B43FC2BE24F}.Release|ARM.Deploy.0 = Release|ARM
		{308D13B8-F0C4-4283-B2C8-8B43FC2BE24F}.Release|ARM64.ActiveCfg = Release|ARM64
		{308D13B8-F0C4-4283-B2C8-8B43FC2BE24F}.Release|ARM64.Build.0 = Release|ARM64
		{308D13B8-F0C4-4283-B2C8-8B43FC2BE24F}.Release|ARM64.Deploy.0 = Release|ARM64
		{308D13B8-F0C4-4283-B2C8-8B43FC2BE24F}.Release|x64.ActiveCfg = Release|x64
		{308D13B8-F0C4-4283-B2C8-8B43FC2BE24F}.Release|x64.Build.0 = Release|x64
		{308D13B8-F0C4-4283-B2C8-8B43FC2BE24F}.Release|x64.Deploy.0 = Release|x64
		{308D13B8-F0C4-4283-B2C8-8B43FC2BE24F}.Release|x86.ActiveCfg = Release|x86
		{308D13B8-F0C4-4283-B2C8-8B43FC2BE24F}.Release|x86.Build.0 = Release|x86
		{308D13B8-F0C4-4283-B2C8-8B43FC2BE24F}.Release|x86.Deploy.0 = Release|x86
		{DD7CDBC5-E366-4862-94FB-193EA44D7807}.Debug|ARM.ActiveCfg = Debug|ARM
		{DD7CDBC5-E366-4862-94FB-193EA44D7807}.Debug|ARM.Build.0 = Debug|ARM
		{DD7CDBC5-E366-4862-94FB-193EA44D7807}.Debug|ARM.Deploy.0 = Debug|ARM
		{DD7CDBC5-E366-4862-94FB-193EA44D7807}.Debug|ARM64.ActiveCfg = Debug|ARM64
		{DD7CDBC5-E366-4862-94FB-193EA44D7807}.Debug|ARM64.Build.0 = Debug|ARM64
		{DD7CDBC5-E366-4862-94FB-193EA44D7807}.Debug|ARM64.Deploy.0 = Debug|ARM64
		{DD7CDBC5-E366-4862-94FB-193EA44D7807}.Debug|x64.ActiveCfg = Debug|x64
		{DD7CDBC5-E366-4862-94FB-193EA44D7807}.Debug|x64.Build.0 = Debug|x64
		{DD7CDBC5-E366-4862-94FB-193EA44D7807}.Debug|x64.Deploy.0 = Debug|x64
		{DD7CDBC5-E366-4862-94FB-193EA44D7807}.Debug|x86.ActiveCfg = Debug|x86
		{DD7CDBC5-E366-4862-94FB-193EA44D7807}.Debug|x86.Build.0 = Debug|x86
		{DD7CDBC5-E366-4862-94FB-193EA44D7807}.Debug|x86.Deploy.0 = Debug|x86
		{DD7CDBC5-E366-4862-94FB-193EA44D7807}.Release|ARM.ActiveCfg = Release|ARM
		{DD7CDBC5-E366-4862-94FB-193EA44D7807}.Release|ARM.Build.0 = Release|ARM
		{DD7CDBC5-E366-4862-94FB-193EA44D7807}.Release|ARM.Deploy.0 = Release|ARM
		{DD7CDBC5-E366-4862-94FB-193EA44D7807}.Release|ARM64.ActiveCfg = Release|ARM64
		{DD7CDBC5-E366-4862-94FB-193EA44D7807}.Release|ARM64.Build.0 = Release|ARM64
		{DD7CDBC5-E366-4862-94FB-193EA44D7807}.Release|ARM64.Deploy.0 = Release|ARM64
		{DD7CDBC5-E366-4862-94FB-193EA44D7807}.Release|x64.ActiveCfg = Release|x64
		{DD7CDBC5-E366-4862-94FB-193EA44D7807}.Release|x64.Build.0 = Release|x64
		{DD7CDBC5-E366-4862-94FB-193EA44D7807}.Release|x64.Deploy.0 = Release|x64
		{DD7CDBC5-E366-4862-94FB-193EA44D7807}.Release|x86.ActiveCfg = Release|x86
		{DD7CDBC5-E366-4862-94FB-193EA44D7807}.Release|x86.Build.0 = Release|x86
		{DD7CDBC5-E366-4862-94FB-193EA44D7807}.Release|x86.Deploy.0 = Release|x86
	EndGlobalSection
	GlobalSection(SolutionProperties) = preSolution
		HideSolutionNode = FALSE
	EndGlobalSection
EndGlobal
